// !$*UTF8*$!
{
	archiveVersion = 1;
	classes = {
	};
	objectVersion = 55;
	objects = {

/* Begin PBXBuildFile section */
		CEB40445286099A600E04B2A /* CardView.swift in Sources */ = {isa = PBXBuildFile; fileRef = CEB40444286099A600E04B2A /* CardView.swift */; };
		CED62E272851E2960055A8DB /* AppDelegate.swift in Sources */ = {isa = PBXBuildFile; fileRef = CED62E262851E2960055A8DB /* AppDelegate.swift */; };
		CED62E292851E2960055A8DB /* SceneDelegate.swift in Sources */ = {isa = PBXBuildFile; fileRef = CED62E282851E2960055A8DB /* SceneDelegate.swift */; };
		CED62E2B2851E2960055A8DB /* ViewController.swift in Sources */ = {isa = PBXBuildFile; fileRef = CED62E2A2851E2960055A8DB /* ViewController.swift */; };
		CED62E302851E2990055A8DB /* Assets.xcassets in Resources */ = {isa = PBXBuildFile; fileRef = CED62E2F2851E2990055A8DB /* Assets.xcassets */; };
		CED62E332851E2990055A8DB /* LaunchScreen.storyboard in Resources */ = {isa = PBXBuildFile; fileRef = CED62E312851E2990055A8DB /* LaunchScreen.storyboard */; };
		CED62E3E2851E2990055A8DB /* Tinder_Card_AnimationTests.swift in Sources */ = {isa = PBXBuildFile; fileRef = CED62E3D2851E2990055A8DB /* Tinder_Card_AnimationTests.swift */; };
		CED62E482851E2990055A8DB /* Tinder_Card_AnimationUITests.swift in Sources */ = {isa = PBXBuildFile; fileRef = CED62E472851E2990055A8DB /* Tinder_Card_AnimationUITests.swift */; };
		CED62E4A2851E2990055A8DB /* Tinder_Card_AnimationUITestsLaunchTests.swift in Sources */ = {isa = PBXBuildFile; fileRef = CED62E492851E2990055A8DB /* Tinder_Card_AnimationUITestsLaunchTests.swift */; };
/* End PBXBuildFile section */

/* Begin PBXContainerItemProxy section */
		CED62E3A2851E2990055A8DB /* PBXContainerItemProxy */ = {
			isa = PBXContainerItemProxy;
			containerPortal = CED62E1B2851E2950055A8DB /* Project object */;
			proxyType = 1;
			remoteGlobalIDString = CED62E222851E2960055A8DB;
			remoteInfo = "Tinder Card Animation";
		};
		CED62E442851E2990055A8DB /* PBXContainerItemProxy */ = {
			isa = PBXContainerItemProxy;
			containerPortal = CED62E1B2851E2950055A8DB /* Project object */;
			proxyType = 1;
			remoteGlobalIDString = CED62E222851E2960055A8DB;
			remoteInfo = "Tinder Card Animation";
		};
/* End PBXContainerItemProxy section */

/* Begin PBXFileReference section */
		CEB40444286099A600E04B2A /* CardView.swift */ = {isa = PBXFileReference; lastKnownFileType = sourcecode.swift; path = CardView.swift; sourceTree = "<group>"; };
		CED62E232851E2960055A8DB /* Tinder Card Animation.app */ = {isa = PBXFileReference; explicitFileType = wrapper.application; includeInIndex = 0; path = "Tinder Card Animation.app"; sourceTree = BUILT_PRODUCTS_DIR; };
		CED62E262851E2960055A8DB /* AppDelegate.swift */ = {isa = PBXFileReference; lastKnownFileType = sourcecode.swift; path = AppDelegate.swift; sourceTree = "<group>"; };
		CED62E282851E2960055A8DB /* SceneDelegate.swift */ = {isa = PBXFileReference; lastKnownFileType = sourcecode.swift; path = SceneDelegate.swift; sourceTree = "<group>"; };
		CED62E2A2851E2960055A8DB /* ViewController.swift */ = {isa = PBXFileReference; lastKnownFileType = sourcecode.swift; path = ViewController.swift; sourceTree = "<group>"; };
		CED62E2F2851E2990055A8DB /* Assets.xcassets */ = {isa = PBXFileReference; lastKnownFileType = folder.assetcatalog; path = Assets.xcassets; sourceTree = "<group>"; };
		CED62E322851E2990055A8DB /* Base */ = {isa = PBXFileReference; lastKnownFileType = file.storyboard; name = Base; path = Base.lproj/LaunchScreen.storyboard; sourceTree = "<group>"; };
		CED62E342851E2990055A8DB /* Info.plist */ = {isa = PBXFileReference; lastKnownFileType = text.plist.xml; path = Info.plist; sourceTree = "<group>"; };
		CED62E392851E2990055A8DB /* Tinder Card AnimationTests.xctest */ = {isa = PBXFileReference; explicitFileType = wrapper.cfbundle; includeInIndex = 0; path = "Tinder Card AnimationTests.xctest"; sourceTree = BUILT_PRODUCTS_DIR; };
		CED62E3D2851E2990055A8DB /* Tinder_Card_AnimationTests.swift */ = {isa = PBXFileReference; lastKnownFileType = sourcecode.swift; path = Tinder_Card_AnimationTests.swift; sourceTree = "<group>"; };
		CED62E432851E2990055A8DB /* Tinder Card AnimationUITests.xctest */ = {isa = PBXFileReference; explicitFileType = wrapper.cfbundle; includeInIndex = 0; path = "Tinder Card AnimationUITests.xctest"; sourceTree = BUILT_PRODUCTS_DIR; };
		CED62E472851E2990055A8DB /* Tinder_Card_AnimationUITests.swift */ = {isa = PBXFileReference; lastKnownFileType = sourcecode.swift; path = Tinder_Card_AnimationUITests.swift; sourceTree = "<group>"; };
		CED62E492851E2990055A8DB /* Tinder_Card_AnimationUITestsLaunchTests.swift */ = {isa = PBXFileReference; lastKnownFileType = sourcecode.swift; path = Tinder_Card_AnimationUITestsLaunchTests.swift; sourceTree = "<group>"; };
/* End PBXFileReference section */

/* Begin PBXFrameworksBuildPhase section */
		CED62E202851E2960055A8DB /* Frameworks */ = {
			isa = PBXFrameworksBuildPhase;
			buildActionMask = 2147483647;
			files = (
			);
			runOnlyForDeploymentPostprocessing = 0;
		};
		CED62E362851E2990055A8DB /* Frameworks */ = {
			isa = PBXFrameworksBuildPhase;
			buildActionMask = 2147483647;
			files = (
			);
			runOnlyForDeploymentPostprocessing = 0;
		};
		CED62E402851E2990055A8DB /* Frameworks */ = {
			isa = PBXFrameworksBuildPhase;
			buildActionMask = 2147483647;
			files = (
			);
			runOnlyForDeploymentPostprocessing = 0;
		};
/* End PBXFrameworksBuildPhase section */

/* Begin PBXGroup section */
		CED62E1A2851E2950055A8DB = {
			isa = PBXGroup;
			children = (
				CED62E252851E2960055A8DB /* Tinder Card Animation */,
				CED62E3C2851E2990055A8DB /* Tinder Card AnimationTests */,
				CED62E462851E2990055A8DB /* Tinder Card AnimationUITests */,
				CED62E242851E2960055A8DB /* Products */,
			);
			sourceTree = "<group>";
		};
		CED62E242851E2960055A8DB /* Products */ = {
			isa = PBXGroup;
			children = (
				CED62E232851E2960055A8DB /* Tinder Card Animation.app */,
				CED62E392851E2990055A8DB /* Tinder Card AnimationTests.xctest */,
				CED62E432851E2990055A8DB /* Tinder Card AnimationUITests.xctest */,
			);
			name = Products;
			sourceTree = "<group>";
		};
		CED62E252851E2960055A8DB /* Tinder Card Animation */ = {
			isa = PBXGroup;
			children = (
				CED62E262851E2960055A8DB /* AppDelegate.swift */,
				CED62E282851E2960055A8DB /* SceneDelegate.swift */,
				CED62E2A2851E2960055A8DB /* ViewController.swift */,
				CEB40444286099A600E04B2A /* CardView.swift */,
				CED62E2F2851E2990055A8DB /* Assets.xcassets */,
				CED62E312851E2990055A8DB /* LaunchScreen.storyboard */,
				CED62E342851E2990055A8DB /* Info.plist */,
			);
			path = "Tinder Card Animation";
			sourceTree = "<group>";
		};
		CED62E3C2851E2990055A8DB /* Tinder Card AnimationTests */ = {
			isa = PBXGroup;
			children = (
				CED62E3D2851E2990055A8DB /* Tinder_Card_AnimationTests.swift */,
			);
			path = "Tinder Card AnimationTests";
			sourceTree = "<group>";
		};
		CED62E462851E2990055A8DB /* Tinder Card AnimationUITests */ = {
			isa = PBXGroup;
			children = (
				CED62E472851E2990055A8DB /* Tinder_Card_AnimationUITests.swift */,
				CED62E492851E2990055A8DB /* Tinder_Card_AnimationUITestsLaunchTests.swift */,
			);
			path = "Tinder Card AnimationUITests";
			sourceTree = "<group>";
		};
/* End PBXGroup section */

/* Begin PBXNativeTarget section */
		CED62E222851E2960055A8DB /* Tinder Card Animation */ = {
			isa = PBXNativeTarget;
			buildConfigurationList = CED62E4D2851E2990055A8DB /* Build configuration list for PBXNativeTarget "Tinder Card Animation" */;
			buildPhases = (
				CED62E1F2851E2960055A8DB /* Sources */,
				CED62E202851E2960055A8DB /* Frameworks */,
				CED62E212851E2960055A8DB /* Resources */,
			);
			buildRules = (
			);
			dependencies = (
			);
			name = "Tinder Card Animation";
			productName = "Tinder Card Animation";
			productReference = CED62E232851E2960055A8DB /* Tinder Card Animation.app */;
			productType = "com.apple.product-type.application";
		};
		CED62E382851E2990055A8DB /* Tinder Card AnimationTests */ = {
			isa = PBXNativeTarget;
			buildConfigurationList = CED62E502851E2990055A8DB /* Build configuration list for PBXNativeTarget "Tinder Card AnimationTests" */;
			buildPhases = (
				CED62E352851E2990055A8DB /* Sources */,
				CED62E362851E2990055A8DB /* Frameworks */,
				CED62E372851E2990055A8DB /* Resources */,
			);
			buildRules = (
			);
			dependencies = (
				CED62E3B2851E2990055A8DB /* PBXTargetDependency */,
			);
			name = "Tinder Card AnimationTests";
			productName = "Tinder Card AnimationTests";
			productReference = CED62E392851E2990055A8DB /* Tinder Card AnimationTests.xctest */;
			productType = "com.apple.product-type.bundle.unit-test";
		};
		CED62E422851E2990055A8DB /* Tinder Card AnimationUITests */ = {
			isa = PBXNativeTarget;
			buildConfigurationList = CED62E532851E2990055A8DB /* Build configuration list for PBXNativeTarget "Tinder Card AnimationUITests" */;
			buildPhases = (
				CED62E3F2851E2990055A8DB /* Sources */,
				CED62E402851E2990055A8DB /* Frameworks */,
				CED62E412851E2990055A8DB /* Resources */,
			);
			buildRules = (
			);
			dependencies = (
				CED62E452851E2990055A8DB /* PBXTargetDependency */,
			);
			name = "Tinder Card AnimationUITests";
			productName = "Tinder Card AnimationUITests";
			productReference = CED62E432851E2990055A8DB /* Tinder Card AnimationUITests.xctest */;
			productType = "com.apple.product-type.bundle.ui-testing";
		};
/* End PBXNativeTarget section */

/* Begin PBXProject section */
		CED62E1B2851E2950055A8DB /* Project object */ = {
			isa = PBXProject;
			attributes = {
				BuildIndependentTargetsInParallel = 1;
				LastSwiftUpdateCheck = 1340;
				LastUpgradeCheck = 1340;
				TargetAttributes = {
					CED62E222851E2960055A8DB = {
						CreatedOnToolsVersion = 13.4;
					};
					CED62E382851E2990055A8DB = {
						CreatedOnToolsVersion = 13.4;
						TestTargetID = CED62E222851E2960055A8DB;
					};
					CED62E422851E2990055A8DB = {
						CreatedOnToolsVersion = 13.4;
						TestTargetID = CED62E222851E2960055A8DB;
					};
				};
			};
			buildConfigurationList = CED62E1E2851E2960055A8DB /* Build configuration list for PBXProject "Tinder Card Animation" */;
			compatibilityVersion = "Xcode 13.0";
			developmentRegion = en;
			hasScannedForEncodings = 0;
			knownRegions = (
				en,
				Base,
			);
			mainGroup = CED62E1A2851E2950055A8DB;
			productRefGroup = CED62E242851E2960055A8DB /* Products */;
			projectDirPath = "";
			projectRoot = "";
			targets = (
				CED62E222851E2960055A8DB /* Tinder Card Animation */,
				CED62E382851E2990055A8DB /* Tinder Card AnimationTests */,
				CED62E422851E2990055A8DB /* Tinder Card AnimationUITests */,
			);
		};
/* End PBXProject section */

/* Begin PBXResourcesBuildPhase section */
		CED62E212851E2960055A8DB /* Resources */ = {
			isa = PBXResourcesBuildPhase;
			buildActionMask = 2147483647;
			files = (
				CED62E332851E2990055A8DB /* LaunchScreen.storyboard in Resources */,
				CED62E302851E2990055A8DB /* Assets.xcassets in Resources */,
			);
			runOnlyForDeploymentPostprocessing = 0;
		};
		CED62E372851E2990055A8DB /* Resources */ = {
			isa = PBXResourcesBuildPhase;
			buildActionMask = 2147483647;
			files = (
			);
			runOnlyForDeploymentPostprocessing = 0;
		};
		CED62E412851E2990055A8DB /* Resources */ = {
			isa = PBXResourcesBuildPhase;
			buildActionMask = 2147483647;
			files = (
			);
			runOnlyForDeploymentPostprocessing = 0;
		};
/* End PBXResourcesBuildPhase section */

/* Begin PBXSourcesBuildPhase section */
		CED62E1F2851E2960055A8DB /* Sources */ = {
			isa = PBXSourcesBuildPhase;
			buildActionMask = 2147483647;
			files = (
				CED62E2B2851E2960055A8DB /* ViewController.swift in Sources */,
				CED62E272851E2960055A8DB /* AppDelegate.swift in Sources */,
				CEB40445286099A600E04B2A /* CardView.swift in Sources */,
				CED62E292851E2960055A8DB /* SceneDelegate.swift in Sources */,
			);
			runOnlyForDeploymentPostprocessing = 0;
		};
		CED62E352851E2990055A8DB /* Sources */ = {
			isa = PBXSourcesBuildPhase;
			buildActionMask = 2147483647;
			files = (
				CED62E3E2851E2990055A8DB /* Tinder_Card_AnimationTests.swift in Sources */,
			);
			runOnlyForDeploymentPostprocessing = 0;
		};
		CED62E3F2851E2990055A8DB /* Sources */ = {
			isa = PBXSourcesBuildPhase;
			buildActionMask = 2147483647;
			files = (
				CED62E482851E2990055A8DB /* Tinder_Card_AnimationUITests.swift in Sources */,
				CED62E4A2851E2990055A8DB /* Tinder_Card_AnimationUITestsLaunchTests.swift in Sources */,
			);
			runOnlyForDeploymentPostprocessing = 0;
		};
/* End PBXSourcesBuildPhase section */

/* Begin PBXTargetDependency section */
		CED62E3B2851E2990055A8DB /* PBXTargetDependency */ = {
			isa = PBXTargetDependency;
			target = CED62E222851E2960055A8DB /* Tinder Card Animation */;
			targetProxy = CED62E3A2851E2990055A8DB /* PBXContainerItemProxy */;
		};
		CED62E452851E2990055A8DB /* PBXTargetDependency */ = {
			isa = PBXTargetDependency;
			target = CED62E222851E2960055A8DB /* Tinder Card Animation */;
			targetProxy = CED62E442851E2990055A8DB /* PBXContainerItemProxy */;
		};
/* End PBXTargetDependency section */

/* Begin PBXVariantGroup section */
		CED62E312851E2990055A8DB /* LaunchScreen.storyboard */ = {
			isa = PBXVariantGroup;
			children = (
				CED62E322851E2990055A8DB /* Base */,
			);
			name = LaunchScreen.storyboard;
			sourceTree = "<group>";
		};
/* End PBXVariantGroup section */

/* Begin XCBuildConfiguration section */
		CED62E4B2851E2990055A8DB /* Debug */ = {
			isa = XCBuildConfiguration;
			buildSettings = {
				ALWAYS_SEARCH_USER_PATHS = NO;
				CLANG_ANALYZER_NONNULL = YES;
				CLANG_ANALYZER_NUMBER_OBJECT_CONVERSION = YES_AGGRESSIVE;
				CLANG_CXX_LANGUAGE_STANDARD = "gnu++17";
				CLANG_ENABLE_MODULES = YES;
				CLANG_ENABLE_OBJC_ARC = YES;
				CLANG_ENABLE_OBJC_WEAK = YES;
				CLANG_WARN_BLOCK_CAPTURE_AUTORELEASING = YES;
				CLANG_WARN_BOOL_CONVERSION = YES;
				CLANG_WARN_COMMA = YES;
				CLANG_WARN_CONSTANT_CONVERSION = YES;
				CLANG_WARN_DEPRECATED_OBJC_IMPLEMENTATIONS = YES;
				CLANG_WARN_DIRECT_OBJC_ISA_USAGE = YES_ERROR;
				CLANG_WARN_DOCUMENTATION_COMMENTS = YES;
				CLANG_WARN_EMPTY_BODY = YES;
				CLANG_WARN_ENUM_CONVERSION = YES;
				CLANG_WARN_INFINITE_RECURSION = YES;
				CLANG_WARN_INT_CONVERSION = YES;
				CLANG_WARN_NON_LITERAL_NULL_CONVERSION = YES;
				CLANG_WARN_OBJC_IMPLICIT_RETAIN_SELF = YES;
				CLANG_WARN_OBJC_LITERAL_CONVERSION = YES;
				CLANG_WARN_OBJC_ROOT_CLASS = YES_ERROR;
				CLANG_WARN_QUOTED_INCLUDE_IN_FRAMEWORK_HEADER = YES;
				CLANG_WARN_RANGE_LOOP_ANALYSIS = YES;
				CLANG_WARN_STRICT_PROTOTYPES = YES;
				CLANG_WARN_SUSPICIOUS_MOVE = YES;
				CLANG_WARN_UNGUARDED_AVAILABILITY = YES_AGGRESSIVE;
				CLANG_WARN_UNREACHABLE_CODE = YES;
				CLANG_WARN__DUPLICATE_METHOD_MATCH = YES;
				COPY_PHASE_STRIP = NO;
				DEBUG_INFORMATION_FORMAT = dwarf;
				ENABLE_STRICT_OBJC_MSGSEND = YES;
				ENABLE_TESTABILITY = YES;
				GCC_C_LANGUAGE_STANDARD = gnu11;
				GCC_DYNAMIC_NO_PIC = NO;
				GCC_NO_COMMON_BLOCKS = YES;
				GCC_OPTIMIZATION_LEVEL = 0;
				GCC_PREPROCESSOR_DEFINITIONS = (
					"DEBUG=1",
					"$(inherited)",
				);
				GCC_WARN_64_TO_32_BIT_CONVERSION = YES;
				GCC_WARN_ABOUT_RETURN_TYPE = YES_ERROR;
				GCC_WARN_UNDECLARED_SELECTOR = YES;
				GCC_WARN_UNINITIALIZED_AUTOS = YES_AGGRESSIVE;
				GCC_WARN_UNUSED_FUNCTION = YES;
				GCC_WARN_UNUSED_VARIABLE = YES;
				IPHONEOS_DEPLOYMENT_TARGET = 15.5;
				MTL_ENABLE_DEBUG_INFO = INCLUDE_SOURCE;
				MTL_FAST_MATH = YES;
				ONLY_ACTIVE_ARCH = YES;
				SDKROOT = iphoneos;
				SWIFT_ACTIVE_COMPILATION_CONDITIONS = DEBUG;
				SWIFT_OPTIMIZATION_LEVEL = "-Onone";
			};
			name = Debug;
		};
		CED62E4C2851E2990055A8DB /* Release */ = {
			isa = XCBuildConfiguration;
			buildSettings = {
				ALWAYS_SEARCH_USER_PATHS = NO;
				CLANG_ANALYZER_NONNULL = YES;
				CLANG_ANALYZER_NUMBER_OBJECT_CONVERSION = YES_AGGRESSIVE;
				CLANG_CXX_LANGUAGE_STANDARD = "gnu++17";
				CLANG_ENABLE_MODULES = YES;
				CLANG_ENABLE_OBJC_ARC = YES;
				CLANG_ENABLE_OBJC_WEAK = YES;
				CLANG_WARN_BLOCK_CAPTURE_AUTORELEASING = YES;
				CLANG_WARN_BOOL_CONVERSION = YES;
				CLANG_WARN_COMMA = YES;
				CLANG_WARN_CONSTANT_CONVERSION = YES;
				CLANG_WARN_DEPRECATED_OBJC_IMPLEMENTATIONS = YES;
				CLANG_WARN_DIRECT_OBJC_ISA_USAGE = YES_ERROR;
				CLANG_WARN_DOCUMENTATION_COMMENTS = YES;
				CLANG_WARN_EMPTY_BODY = YES;
				CLANG_WARN_ENUM_CONVERSION = YES;
				CLANG_WARN_INFINITE_RECURSION = YES;
				CLANG_WARN_INT_CONVERSION = YES;
				CLANG_WARN_NON_LITERAL_NULL_CONVERSION = YES;
				CLANG_WARN_OBJC_IMPLICIT_RETAIN_SELF = YES;
				CLANG_WARN_OBJC_LITERAL_CONVERSION = YES;
				CLANG_WARN_OBJC_ROOT_CLASS = YES_ERROR;
				CLANG_WARN_QUOTED_INCLUDE_IN_FRAMEWORK_HEADER = YES;
				CLANG_WARN_RANGE_LOOP_ANALYSIS = YES;
				CLANG_WARN_STRICT_PROTOTYPES = YES;
				CLANG_WARN_SUSPICIOUS_MOVE = YES;
				CLANG_WARN_UNGUARDED_AVAILABILITY = YES_AGGRESSIVE;
				CLANG_WARN_UNREACHABLE_CODE = YES;
				CLANG_WARN__DUPLICATE_METHOD_MATCH = YES;
				COPY_PHASE_STRIP = NO;
				DEBUG_INFORMATION_FORMAT = "dwarf-with-dsym";
				ENABLE_NS_ASSERTIONS = NO;
				ENABLE_STRICT_OBJC_MSGSEND = YES;
				GCC_C_LANGUAGE_STANDARD = gnu11;
				GCC_NO_COMMON_BLOCKS = YES;
				GCC_WARN_64_TO_32_BIT_CONVERSION = YES;
				GCC_WARN_ABOUT_RETURN_TYPE = YES_ERROR;
				GCC_WARN_UNDECLARED_SELECTOR = YES;
				GCC_WARN_UNINITIALIZED_AUTOS = YES_AGGRESSIVE;
				GCC_WARN_UNUSED_FUNCTION = YES;
				GCC_WARN_UNUSED_VARIABLE = YES;
				IPHONEOS_DEPLOYMENT_TARGET = 15.5;
				MTL_ENABLE_DEBUG_INFO = NO;
				MTL_FAST_MATH = YES;
				SDKROOT = iphoneos;
				SWIFT_COMPILATION_MODE = wholemodule;
				SWIFT_OPTIMIZATION_LEVEL = "-O";
				VALIDATE_PRODUCT = YES;
			};
			name = Release;
		};
		CED62E4E2851E2990055A8DB /* Debug */ = {
			isa = XCBuildConfiguration;
			buildSettings = {
				ASSETCATALOG_COMPILER_APPICON_NAME = AppIcon;
				ASSETCATALOG_COMPILER_GLOBAL_ACCENT_COLOR_NAME = AccentColor;
				CODE_SIGN_STYLE = Automatic;
				CURRENT_PROJECT_VERSION = 1;
				GENERATE_INFOPLIST_FILE = YES;
				INFOPLIST_FILE = "Tinder Card Animation/Info.plist";
				INFOPLIST_KEY_UIApplicationSupportsIndirectInputEvents = YES;
				INFOPLIST_KEY_UILaunchStoryboardName = LaunchScreen;
				INFOPLIST_KEY_UISupportedInterfaceOrientations_iPad = "UIInterfaceOrientationPortrait UIInterfaceOrientationPortraitUpsideDown UIInterfaceOrientationLandscapeLeft UIInterfaceOrientationLandscapeRight";
				INFOPLIST_KEY_UISupportedInterfaceOrientations_iPhone = "UIInterfaceOrientationPortrait UIInterfaceOrientationLandscapeLeft UIInterfaceOrientationLandscapeRight";
				LD_RUNPATH_SEARCH_PATHS = (
					"$(inherited)",
					"@executable_path/Frameworks",
				);
				MARKETING_VERSION = 1.0;
				PRODUCT_BUNDLE_IDENTIFIER = "test.Tinder-Card-Animation";
				PRODUCT_NAME = "$(TARGET_NAME)";
				SWIFT_EMIT_LOC_STRINGS = YES;
				SWIFT_VERSION = 5.0;
				TARGETED_DEVICE_FAMILY = "1,2";
			};
			name = Debug;
		};
		CED62E4F2851E2990055A8DB /* Release */ = {
			isa = XCBuildConfiguration;
			buildSettings = {
				ASSETCATALOG_COMPILER_APPICON_NAME = AppIcon;
				ASSETCATALOG_COMPILER_GLOBAL_ACCENT_COLOR_NAME = AccentColor;
				CODE_SIGN_STYLE = Automatic;
				CURRENT_PROJECT_VERSION = 1;
				GENERATE_INFOPLIST_FILE = YES;
				INFOPLIST_FILE = "Tinder Card Animation/Info.plist";
				INFOPLIST_KEY_UIApplicationSupportsIndirectInputEvents = YES;
				INFOPLIST_KEY_UILaunchStoryboardName = LaunchScreen;
				INFOPLIST_KEY_UISupportedInterfaceOrientations_iPad = "UIInterfaceOrientationPortrait UIInterfaceOrientationPortraitUpsideDown UIInterfaceOrientationLandscapeLeft UIInterfaceOrientationLandscapeRight";
				INFOPLIST_KEY_UISupportedInterfaceOrientations_iPhone = "UIInterfaceOrientationPortrait UIInterfaceOrientationLandscapeLeft UIInterfaceOrientationLandscapeRight";
				LD_RUNPATH_SEARCH_PATHS = (
					"$(inherited)",
					"@executable_path/Frameworks",
				);
				MARKETING_VERSION = 1.0;
				PRODUCT_BUNDLE_IDENTIFIER = "test.Tinder-Card-Animation";
				PRODUCT_NAME = "$(TARGET_NAME)";
				SWIFT_EMIT_LOC_STRINGS = YES;
				SWIFT_VERSION = 5.0;
				TARGETED_DEVICE_FAMILY = "1,2";
			};
			name = Release;
		};
		CED62E512851E2990055A8DB /* Debug */ = {
			isa = XCBuildConfiguration;
			buildSettings = {
				ALWAYS_EMBED_SWIFT_STANDARD_LIBRARIES = YES;
				BUNDLE_LOADER = "$(TEST_HOST)";
				CODE_SIGN_STYLE = Automatic;
				CURRENT_PROJECT_VERSION = 1;
				GENERATE_INFOPLIST_FILE = YES;
				IPHONEOS_DEPLOYMENT_TARGET = 15.5;
				MARKETING_VERSION = 1.0;
				PRODUCT_BUNDLE_IDENTIFIER = "test.Tinder-Card-AnimationTests";
				PRODUCT_NAME = "$(TARGET_NAME)";
				SWIFT_EMIT_LOC_STRINGS = NO;
				SWIFT_VERSION = 5.0;
				TARGETED_DEVICE_FAMILY = "1,2";
				TEST_HOST = "$(BUILT_PRODUCTS_DIR)/Tinder Card Animation.app/Tinder Card Animation";
			};
			name = Debug;
		};
		CED62E522851E2990055A8DB /* Release */ = {
			isa = XCBuildConfiguration;
			buildSettings = {
				ALWAYS_EMBED_SWIFT_STANDARD_LIBRARIES = YES;
				BUNDLE_LOADER = "$(TEST_HOST)";
				CODE_SIGN_STYLE = Automatic;
				CURRENT_PROJECT_VERSION = 1;
				GENERATE_INFOPLIST_FILE = YES;
				IPHONEOS_DEPLOYMENT_TARGET = 15.5;
				MARKETING_VERSION = 1.0;
				PRODUCT_BUNDLE_IDENTIFIER = "test.Tinder-Card-AnimationTests";
				PRODUCT_NAME = "$(TARGET_NAME)";
				SWIFT_EMIT_LOC_STRINGS = NO;
				SWIFT_VERSION = 5.0;
				TARGETED_DEVICE_FAMILY = "1,2";
				TEST_HOST = "$(BUILT_PRODUCTS_DIR)/Tinder Card Animation.app/Tinder Card Animation";
			};
			name = Release;
		};
		CED62E542851E2990055A8DB /* Debug */ = {
			isa = XCBuildConfiguration;
			buildSettings = {
				ALWAYS_EMBED_SWIFT_STANDARD_LIBRARIES = YES;
				CODE_SIGN_STYLE = Automatic;
				CURRENT_PROJECT_VERSION = 1;
				GENERATE_INFOPLIST_FILE = YES;
				MARKETING_VERSION = 1.0;
				PRODUCT_BUNDLE_IDENTIFIER = "test.Tinder-Card-AnimationUITests";
				PRODUCT_NAME = "$(TARGET_NAME)";
				SWIFT_EMIT_LOC_STRINGS = NO;
				SWIFT_VERSION = 5.0;
				TARGETED_DEVICE_FAMILY = "1,2";
				TEST_TARGET_NAME = "Tinder Card Animation";
			};
			name = Debug;
		};
		CED62E552851E2990055A8DB /* Release */ = {
			isa = XCBuildConfiguration;
			buildSettings = {
				ALWAYS_EMBED_SWIFT_STANDARD_LIBRARIES = YES;
				CODE_SIGN_STYLE = Automatic;
				CURRENT_PROJECT_VERSION = 1;
				GENERATE_INFOPLIST_FILE = YES;
				MARKETING_VERSION = 1.0;
				PRODUCT_BUNDLE_IDENTIFIER = "test.Tinder-Card-AnimationUITests";
				PRODUCT_NAME = "$(TARGET_NAME)";
				SWIFT_EMIT_LOC_STRINGS = NO;
				SWIFT_VERSION = 5.0;
				TARGETED_DEVICE_FAMILY = "1,2";
				TEST_TARGET_NAME = "Tinder Card Animation";
			};
			name = Release;
		};
/* End XCBuildConfiguration section */

/* Begin XCConfigurationList section */
		CED62E1E2851E2960055A8DB /* Build configuration list for PBXProject "Tinder Card Animation" */ = {
			isa = XCConfigurationList;
			buildConfigurations = (
				CED62E4B2851E2990055A8DB /* Debug */,
				CED62E4C2851E2990055A8DB /* Release */,
			);
			defaultConfigurationIsVisible = 0;
			defaultConfigurationName = Release;
		};
		CED62E4D2851E2990055A8DB /* Build configuration list for PBXNativeTarget "Tinder Card Animation" */ = {
			isa = XCConfigurationList;
			buildConfigurations = (
				CED62E4E2851E2990055A8DB /* Debug */,
				CED62E4F2851E2990055A8DB /* Release */,
			);
			defaultConfigurationIsVisible = 0;
			defaultConfigurationName = Release;
		};
		CED62E502851E2990055A8DB /* Build configuration list for PBXNativeTarget "Tinder Card AnimationTests" */ = {
			isa = XCConfigurationList;
			buildConfigurations = (
				CED62E512851E2990055A8DB /* Debug */,
				CED62E522851E2990055A8DB /* Release */,
			);
			defaultConfigurationIsVisible = 0;
			defaultConfigurationName = Release;
		};
		CED62E532851E2990055A8DB /* Build configuration list for PBXNativeTarget "Tinder Card AnimationUITests" */ = {
			isa = XCConfigurationList;
			buildConfigurations = (
				CED62E542851E2990055A8DB /* Debug */,
				CED62E552851E2990055A8DB /* Release */,
			);
			defaultConfigurationIsVisible = 0;
			defaultConfigurationName = Release;
		};
/* End XCConfigurationList section */
	};
	rootObject = CED62E1B2851E2950055A8DB /* Project object */;
}
